Microsoft Visual Studio Solution File, Format Version 12.00
# Visual Studio 15
VisualStudioVersion = 15.0.28307.329
MinimumVisualStudioVersion = 10.0.40219.1
Project("{8BC9CEB8-8B4A-11D0-8D11-00A0C91BC942}") = "AstraDepthTest", "AstraDepthTest\AstraDepthTest.vcxproj", "{24773B63-DB63-4376-9C8C-D68038EE5615}"
EndProject
Global
	GlobalSection(SolutionConfigurationPlatforms) = preSolution
		Debug|x64 = Debug|x64
		Debug|x86 = Debug|x86
	EndGlobalSection
	GlobalSection(ProjectConfigurationPlatforms) = postSolution
		{24773B63-DB63-4376-9C8C-D68038EE5615}.Debug|x64.ActiveCfg = Debug|x64
		{24773B63-DB63-4376-9C8C-D68038EE5615}.Debug|x64.Build.0 = Debug|x64
		{24773B63-DB63-4376-9C8C-D68038EE5615}.Debug|x86.ActiveCfg = Debug|Win32
		{24773B63-DB63-4376-9C8C-D68038EE5615}.Debug|x86.Build.0 = Debug|Win32
	EndGlobalSection
	GlobalSection(SolutionProperties) = preSolution
		HideSolutionNode = FALSE
	EndGlobalSection
	GlobalSection(ExtensibilityGlobals) = postSolution
		SolutionGuid = {9FB427D6-62A2-3831-A70B-6E9A0CAD1758}
	EndGlobalSection
EndGlobal
